PODS:
  - Expecta (1.0.2)
  - Gallop (0.1.0):
    - SDWebImage (~> 3.7)
  - SDWebImage (3.7.3):
    - SDWebImage/Core (= 3.7.3)
  - SDWebImage/Core (3.7.3)
  - Specta (1.0.3)

DEPENDENCIES:
  - Expecta
  - Gallop (from `../`)
  - Specta

EXTERNAL SOURCES:
  Gallop:
    :path: ../

SPEC CHECKSUMS:
  Expecta: 54e8a3530add08f4f0208c111355eda7cde74a53
  Gallop: bf665fd032bf66c6335c8db78692a1d057504bff
  SDWebImage: 1d2b1a1efda1ade1b00b6f8498865f8ddedc8a84
  Specta: cf3e4188cf35375c3ee2cd03f8db8f1f4ef98234

COCOAPODS: 0.39.0
