// !$*UTF8*$!
{
	archiveVersion = 1;
	classes = {
	};
	objectVersion = 46;
	objects = {

/* Begin PBXBuildFile section */
		011DFA1F1C987CD6000410D7 /* main.m in Sources */ = {isa = PBXBuildFile; fileRef = 011DFA1E1C987CD6000410D7 /* main.m */; };
		011DFA221C987CD6000410D7 /* AppDelegate.m in Sources */ = {isa = PBXBuildFile; fileRef = 011DFA211C987CD6000410D7 /* AppDelegate.m */; };
		011DFA2A1C987CD6000410D7 /* Assets.xcassets in Resources */ = {isa = PBXBuildFile; fileRef = 011DFA291C987CD6000410D7 /* Assets.xcassets */; };
		011DFA551C9880D2000410D7 /* LWActionSheetTableViewCell.m in Sources */ = {isa = PBXBuildFile; fileRef = 011DFA441C9880D2000410D7 /* LWActionSheetTableViewCell.m */; };
		011DFA561C9880D2000410D7 /* LWActionSheetView.m in Sources */ = {isa = PBXBuildFile; fileRef = 011DFA461C9880D2000410D7 /* LWActionSheetView.m */; };
		011DFA571C9880D2000410D7 /* LWImageBrowser.m in Sources */ = {isa = PBXBuildFile; fileRef = 011DFA481C9880D2000410D7 /* LWImageBrowser.m */; };
		011DFA581C9880D2000410D7 /* LWImageBrowserButton.m in Sources */ = {isa = PBXBuildFile; fileRef = 011DFA4A1C9880D2000410D7 /* LWImageBrowserButton.m */; };
		011DFA591C9880D2000410D7 /* LWImageBrowserCell.m in Sources */ = {isa = PBXBuildFile; fileRef = 011DFA4C1C9880D2000410D7 /* LWImageBrowserCell.m */; };
		011DFA5A1C9880D2000410D7 /* LWImageBrowserFlowLayout.m in Sources */ = {isa = PBXBuildFile; fileRef = 011DFA4E1C9880D2000410D7 /* LWImageBrowserFlowLayout.m */; };
		011DFA5B1C9880D2000410D7 /* LWImageBrowserModel.m in Sources */ = {isa = PBXBuildFile; fileRef = 011DFA501C9880D2000410D7 /* LWImageBrowserModel.m */; };
		011DFA5C1C9880D2000410D7 /* LWImageItem.m in Sources */ = {isa = PBXBuildFile; fileRef = 011DFA521C9880D2000410D7 /* LWImageItem.m */; };
		011DFA5D1C9880D2000410D7 /* UIImage+ImageEffects.m in Sources */ = {isa = PBXBuildFile; fileRef = 011DFA541C9880D2000410D7 /* UIImage+ImageEffects.m */; };
		011DFAC71C988479000410D7 /* [心]@2x.png in Resources */ = {isa = PBXBuildFile; fileRef = 011DFABB1C988479000410D7 /* [心]@2x.png */; };
		011DFAC81C988479000410D7 /* [心]@3x.png in Resources */ = {isa = PBXBuildFile; fileRef = 011DFABC1C988479000410D7 /* [心]@3x.png */; };
		011DFAC91C988479000410D7 /* comment.png in Resources */ = {isa = PBXBuildFile; fileRef = 011DFABD1C988479000410D7 /* comment.png */; };
		011DFACC1C988479000410D7 /* like.png in Resources */ = {isa = PBXBuildFile; fileRef = 011DFAC01C988479000410D7 /* like.png */; };
		011DFACD1C988479000410D7 /* loading.png in Resources */ = {isa = PBXBuildFile; fileRef = 011DFAC11C988479000410D7 /* loading.png */; };
		011DFACE1C988479000410D7 /* loading@2x.png in Resources */ = {isa = PBXBuildFile; fileRef = 011DFAC21C988479000410D7 /* loading@2x.png */; };
		011DFACF1C988479000410D7 /* loading@3x.png in Resources */ = {isa = PBXBuildFile; fileRef = 011DFAC31C988479000410D7 /* loading@3x.png */; };
		011DFAD01C988479000410D7 /* menu.png in Resources */ = {isa = PBXBuildFile; fileRef = 011DFAC41C988479000410D7 /* menu.png */; };
		011DFAD11C988479000410D7 /* menu@2x.png in Resources */ = {isa = PBXBuildFile; fileRef = 011DFAC51C988479000410D7 /* menu@2x.png */; };
		011DFAD21C988479000410D7 /* menu@3x.png in Resources */ = {isa = PBXBuildFile; fileRef = 011DFAC61C988479000410D7 /* menu@3x.png */; };
		0152F8C81CB239010062CB32 /* comment@2x.png in Resources */ = {isa = PBXBuildFile; fileRef = 0152F8C61CB239010062CB32 /* comment@2x.png */; };
		0152F8C91CB239010062CB32 /* comment@3x.png in Resources */ = {isa = PBXBuildFile; fileRef = 0152F8C71CB239010062CB32 /* comment@3x.png */; };
		0154CB851C988AE4002CAF12 /* ViewController.m in Sources */ = {isa = PBXBuildFile; fileRef = 0154CB841C988AE4002CAF12 /* ViewController.m */; };
		017F67321C988BB700309E92 /* TableViewCell.m in Sources */ = {isa = PBXBuildFile; fileRef = 017F67311C988BB700309E92 /* TableViewCell.m */; };
		017F67381C988C5800309E92 /* TableViewHeader.m in Sources */ = {isa = PBXBuildFile; fileRef = 017F67371C988C5800309E92 /* TableViewHeader.m */; };
		01AE7F521CA1AEAF00E9F862 /* LWAlchemyPropertyInfo.m in Sources */ = {isa = PBXBuildFile; fileRef = 01AE7F4C1CA1AEAF00E9F862 /* LWAlchemyPropertyInfo.m */; };
		01AE7F531CA1AEAF00E9F862 /* LWAlchemyValueTransformer.m in Sources */ = {isa = PBXBuildFile; fileRef = 01AE7F4E1CA1AEAF00E9F862 /* LWAlchemyValueTransformer.m */; };
		01AE7F541CA1AEAF00E9F862 /* NSObject+LWAlchemy.m in Sources */ = {isa = PBXBuildFile; fileRef = 01AE7F501CA1AEAF00E9F862 /* NSObject+LWAlchemy.m */; };
		01F51A0E1CA1B1CE00463571 /* CoreData.xcdatamodeld in Sources */ = {isa = PBXBuildFile; fileRef = 01F51A0C1CA1B1CE00463571 /* CoreData.xcdatamodeld */; };
		01F51A181CA1B7A400463571 /* CoreData.framework in Frameworks */ = {isa = PBXBuildFile; fileRef = 01F51A171CA1B7A400463571 /* CoreData.framework */; };
		B00257961CB65817008700D5 /* CellLayout.m in Sources */ = {isa = PBXBuildFile; fileRef = B00257951CB65817008700D5 /* CellLayout.m */; };
		B058DCB11CC1E708007ADADD /* LWImageContainer.m in Sources */ = {isa = PBXBuildFile; fileRef = B058DCB01CC1E708007ADADD /* LWImageContainer.m */; };
		B074CC861CBB3A7F00ADECC1 /* CALayer+WebCache.m in Sources */ = {isa = PBXBuildFile; fileRef = B074CC681CBB3A7F00ADECC1 /* CALayer+WebCache.m */; };
		B074CC871CBB3A7F00ADECC1 /* CALayer+WebCacheOperation.m in Sources */ = {isa = PBXBuildFile; fileRef = B074CC6A1CBB3A7F00ADECC1 /* CALayer+WebCacheOperation.m */; };
		B074CC881CBB3A7F00ADECC1 /* LWAsyncDisplayLayer.m in Sources */ = {isa = PBXBuildFile; fileRef = B074CC6C1CBB3A7F00ADECC1 /* LWAsyncDisplayLayer.m */; };
		B074CC891CBB3A7F00ADECC1 /* LWAsyncDisplayView.m in Sources */ = {isa = PBXBuildFile; fileRef = B074CC6E1CBB3A7F00ADECC1 /* LWAsyncDisplayView.m */; };
		B074CC8A1CBB3A7F00ADECC1 /* LWConstraint.m in Sources */ = {isa = PBXBuildFile; fileRef = B074CC701CBB3A7F00ADECC1 /* LWConstraint.m */; };
		B074CC8B1CBB3A7F00ADECC1 /* LWConstraintManager.m in Sources */ = {isa = PBXBuildFile; fileRef = B074CC721CBB3A7F00ADECC1 /* LWConstraintManager.m */; };
		B074CC8C1CBB3A7F00ADECC1 /* LWFlag.m in Sources */ = {isa = PBXBuildFile; fileRef = B074CC751CBB3A7F00ADECC1 /* LWFlag.m */; };
		B074CC8D1CBB3A7F00ADECC1 /* LWImageStorage.m in Sources */ = {isa = PBXBuildFile; fileRef = B074CC771CBB3A7F00ADECC1 /* LWImageStorage.m */; };
		B074CC8E1CBB3A7F00ADECC1 /* LWLayout.m in Sources */ = {isa = PBXBuildFile; fileRef = B074CC791CBB3A7F00ADECC1 /* LWLayout.m */; };
		B074CC8F1CBB3A7F00ADECC1 /* LWRunLoopTransactions.m in Sources */ = {isa = PBXBuildFile; fileRef = B074CC7B1CBB3A7F00ADECC1 /* LWRunLoopTransactions.m */; };
		B074CC901CBB3A7F00ADECC1 /* LWStorage.m in Sources */ = {isa = PBXBuildFile; fileRef = B074CC7D1CBB3A7F00ADECC1 /* LWStorage.m */; };
		B074CC911CBB3A7F00ADECC1 /* LWStorage+Constraint.m in Sources */ = {isa = PBXBuildFile; fileRef = B074CC7F1CBB3A7F00ADECC1 /* LWStorage+Constraint.m */; };
		B074CC921CBB3A7F00ADECC1 /* LWTextAttach.m in Sources */ = {isa = PBXBuildFile; fileRef = B074CC811CBB3A7F00ADECC1 /* LWTextAttach.m */; };
		B074CC931CBB3A7F00ADECC1 /* LWTextParser.m in Sources */ = {isa = PBXBuildFile; fileRef = B074CC831CBB3A7F00ADECC1 /* LWTextParser.m */; };
		B074CC941CBB3A7F00ADECC1 /* LWTextStorage.m in Sources */ = {isa = PBXBuildFile; fileRef = B074CC851CBB3A7F00ADECC1 /* LWTextStorage.m */; };
		B0C503EC1CAE4FC300B6D3FB /* LWAlchemyManager.m in Sources */ = {isa = PBXBuildFile; fileRef = B0C503EB1CAE4FC300B6D3FB /* LWAlchemyManager.m */; };
		B0D980371CB392D7006D0071 /* StatusModel.m in Sources */ = {isa = PBXBuildFile; fileRef = B0D980361CB392D7006D0071 /* StatusModel.m */; };
		B0D9EB3C1CB0F435009FDCCF /* MKAnnotationView+WebCache.m in Sources */ = {isa = PBXBuildFile; fileRef = B0D9EB181CB0F435009FDCCF /* MKAnnotationView+WebCache.m */; };
		B0D9EB3D1CB0F435009FDCCF /* NSData+ImageContentType.m in Sources */ = {isa = PBXBuildFile; fileRef = B0D9EB1A1CB0F435009FDCCF /* NSData+ImageContentType.m */; };
		B0D9EB3F1CB0F435009FDCCF /* SDImageCache.m in Sources */ = {isa = PBXBuildFile; fileRef = B0D9EB1E1CB0F435009FDCCF /* SDImageCache.m */; };
		B0D9EB401CB0F435009FDCCF /* SDWebImageCompat.m in Sources */ = {isa = PBXBuildFile; fileRef = B0D9EB201CB0F435009FDCCF /* SDWebImageCompat.m */; };
		B0D9EB411CB0F435009FDCCF /* SDWebImageDecoder.m in Sources */ = {isa = PBXBuildFile; fileRef = B0D9EB221CB0F435009FDCCF /* SDWebImageDecoder.m */; };
		B0D9EB421CB0F435009FDCCF /* SDWebImageDownloader.m in Sources */ = {isa = PBXBuildFile; fileRef = B0D9EB241CB0F435009FDCCF /* SDWebImageDownloader.m */; };
		B0D9EB431CB0F435009FDCCF /* SDWebImageDownloaderOperation.m in Sources */ = {isa = PBXBuildFile; fileRef = B0D9EB261CB0F435009FDCCF /* SDWebImageDownloaderOperation.m */; };
		B0D9EB441CB0F435009FDCCF /* SDWebImageManager.m in Sources */ = {isa = PBXBuildFile; fileRef = B0D9EB281CB0F435009FDCCF /* SDWebImageManager.m */; };
		B0D9EB451CB0F436009FDCCF /* SDWebImagePrefetcher.m in Sources */ = {isa = PBXBuildFile; fileRef = B0D9EB2B1CB0F435009FDCCF /* SDWebImagePrefetcher.m */; };
		B0D9EB461CB0F436009FDCCF /* UIButton+WebCache.m in Sources */ = {isa = PBXBuildFile; fileRef = B0D9EB2D1CB0F435009FDCCF /* UIButton+WebCache.m */; };
		B0D9EB471CB0F436009FDCCF /* UIImage+GIF.m in Sources */ = {isa = PBXBuildFile; fileRef = B0D9EB2F1CB0F435009FDCCF /* UIImage+GIF.m */; };
		B0D9EB481CB0F436009FDCCF /* UIImage+MultiFormat.m in Sources */ = {isa = PBXBuildFile; fileRef = B0D9EB311CB0F435009FDCCF /* UIImage+MultiFormat.m */; };
		B0D9EB491CB0F436009FDCCF /* UIImage+WebP.m in Sources */ = {isa = PBXBuildFile; fileRef = B0D9EB331CB0F435009FDCCF /* UIImage+WebP.m */; };
		B0D9EB4A1CB0F436009FDCCF /* UIImageView+HighlightedWebCache.m in Sources */ = {isa = PBXBuildFile; fileRef = B0D9EB351CB0F435009FDCCF /* UIImageView+HighlightedWebCache.m */; };
		B0D9EB4B1CB0F436009FDCCF /* UIImageView+WebCache.m in Sources */ = {isa = PBXBuildFile; fileRef = B0D9EB371CB0F435009FDCCF /* UIImageView+WebCache.m */; };
		B0D9EB4C1CB0F436009FDCCF /* UIView+WebCacheOperation.m in Sources */ = {isa = PBXBuildFile; fileRef = B0D9EB391CB0F435009FDCCF /* UIView+WebCacheOperation.m */; };
		B0FB54801CBCEC88009478C3 /* CALayer+GallopAddtions.m in Sources */ = {isa = PBXBuildFile; fileRef = B0FB547D1CBCEC88009478C3 /* CALayer+GallopAddtions.m */; };
		B0FB54811CBCEC88009478C3 /* NSObject+SwizzleMethod.m in Sources */ = {isa = PBXBuildFile; fileRef = B0FB547F1CBCEC88009478C3 /* NSObject+SwizzleMethod.m */; };
/* End PBXBuildFile section */

/* Begin PBXFileReference section */
		011DFA1A1C987CD6000410D7 /* LWAsyncDisplayViewDemo.app */ = {isa = PBXFileReference; explicitFileType = wrapper.application; includeInIndex = 0; path = LWAsyncDisplayViewDemo.app; sourceTree = BUILT_PRODUCTS_DIR; };
		011DFA1E1C987CD6000410D7 /* main.m */ = {isa = PBXFileReference; lastKnownFileType = sourcecode.c.objc; path = main.m; sourceTree = "<group>"; };
		011DFA201C987CD6000410D7 /* AppDelegate.h */ = {isa = PBXFileReference; lastKnownFileType = sourcecode.c.h; path = AppDelegate.h; sourceTree = "<group>"; };
		011DFA211C987CD6000410D7 /* AppDelegate.m */ = {isa = PBXFileReference; lastKnownFileType = sourcecode.c.objc; path = AppDelegate.m; sourceTree = "<group>"; };
		011DFA291C987CD6000410D7 /* Assets.xcassets */ = {isa = PBXFileReference; lastKnownFileType = folder.assetcatalog; path = Assets.xcassets; sourceTree = "<group>"; };
		011DFA2E1C987CD6000410D7 /* Info.plist */ = {isa = PBXFileReference; lastKnownFileType = text.plist.xml; path = Info.plist; sourceTree = "<group>"; };
		011DFA431C9880D2000410D7 /* LWActionSheetTableViewCell.h */ = {isa = PBXFileReference; fileEncoding = 4; lastKnownFileType = sourcecode.c.h; name = LWActionSheetTableViewCell.h; path = ../LWImageBrowser/LWActionSheetTableViewCell.h; sourceTree = "<group>"; };
		011DFA441C9880D2000410D7 /* LWActionSheetTableViewCell.m */ = {isa = PBXFileReference; fileEncoding = 4; lastKnownFileType = sourcecode.c.objc; name = LWActionSheetTableViewCell.m; path = ../LWImageBrowser/LWActionSheetTableViewCell.m; sourceTree = "<group>"; };
		011DFA451C9880D2000410D7 /* LWActionSheetView.h */ = {isa = PBXFileReference; fileEncoding = 4; lastKnownFileType = sourcecode.c.h; name = LWActionSheetView.h; path = ../LWImageBrowser/LWActionSheetView.h; sourceTree = "<group>"; };
		011DFA461C9880D2000410D7 /* LWActionSheetView.m */ = {isa = PBXFileReference; fileEncoding = 4; lastKnownFileType = sourcecode.c.objc; name = LWActionSheetView.m; path = ../LWImageBrowser/LWActionSheetView.m; sourceTree = "<group>"; };
		011DFA471C9880D2000410D7 /* LWImageBrowser.h */ = {isa = PBXFileReference; fileEncoding = 4; lastKnownFileType = sourcecode.c.h; name = LWImageBrowser.h; path = ../LWImageBrowser/LWImageBrowser.h; sourceTree = "<group>"; };
		011DFA481C9880D2000410D7 /* LWImageBrowser.m */ = {isa = PBXFileReference; fileEncoding = 4; lastKnownFileType = sourcecode.c.objc; name = LWImageBrowser.m; path = ../LWImageBrowser/LWImageBrowser.m; sourceTree = "<group>"; };
		011DFA491C9880D2000410D7 /* LWImageBrowserButton.h */ = {isa = PBXFileReference; fileEncoding = 4; lastKnownFileType = sourcecode.c.h; name = LWImageBrowserButton.h; path = ../LWImageBrowser/LWImageBrowserButton.h; sourceTree = "<group>"; };
		011DFA4A1C9880D2000410D7 /* LWImageBrowserButton.m */ = {isa = PBXFileReference; fileEncoding = 4; lastKnownFileType = sourcecode.c.objc; name = LWImageBrowserButton.m; path = ../LWImageBrowser/LWImageBrowserButton.m; sourceTree = "<group>"; };
		011DFA4B1C9880D2000410D7 /* LWImageBrowserCell.h */ = {isa = PBXFileReference; fileEncoding = 4; lastKnownFileType = sourcecode.c.h; name = LWImageBrowserCell.h; path = ../LWImageBrowser/LWImageBrowserCell.h; sourceTree = "<group>"; };
		011DFA4C1C9880D2000410D7 /* LWImageBrowserCell.m */ = {isa = PBXFileReference; fileEncoding = 4; lastKnownFileType = sourcecode.c.objc; name = LWImageBrowserCell.m; path = ../LWImageBrowser/LWImageBrowserCell.m; sourceTree = "<group>"; };
		011DFA4D1C9880D2000410D7 /* LWImageBrowserFlowLayout.h */ = {isa = PBXFileReference; fileEncoding = 4; lastKnownFileType = sourcecode.c.h; name = LWImageBrowserFlowLayout.h; path = ../LWImageBrowser/LWImageBrowserFlowLayout.h; sourceTree = "<group>"; };
		011DFA4E1C9880D2000410D7 /* LWImageBrowserFlowLayout.m */ = {isa = PBXFileReference; fileEncoding = 4; lastKnownFileType = sourcecode.c.objc; name = LWImageBrowserFlowLayout.m; path = ../LWImageBrowser/LWImageBrowserFlowLayout.m; sourceTree = "<group>"; };
		011DFA4F1C9880D2000410D7 /* LWImageBrowserModel.h */ = {isa = PBXFileReference; fileEncoding = 4; lastKnownFileType = sourcecode.c.h; name = LWImageBrowserModel.h; path = ../LWImageBrowser/LWImageBrowserModel.h; sourceTree = "<group>"; };
		011DFA501C9880D2000410D7 /* LWImageBrowserModel.m */ = {isa = PBXFileReference; fileEncoding = 4; lastKnownFileType = sourcecode.c.objc; name = LWImageBrowserModel.m; path = ../LWImageBrowser/LWImageBrowserModel.m; sourceTree = "<group>"; };
		011DFA511C9880D2000410D7 /* LWImageItem.h */ = {isa = PBXFileReference; fileEncoding = 4; lastKnownFileType = sourcecode.c.h; name = LWImageItem.h; path = ../LWImageBrowser/LWImageItem.h; sourceTree = "<group>"; };
		011DFA521C9880D2000410D7 /* LWImageItem.m */ = {isa = PBXFileReference; fileEncoding = 4; lastKnownFileType = sourcecode.c.objc; name = LWImageItem.m; path = ../LWImageBrowser/LWImageItem.m; sourceTree = "<group>"; };
		011DFA531C9880D2000410D7 /* UIImage+ImageEffects.h */ = {isa = PBXFileReference; fileEncoding = 4; lastKnownFileType = sourcecode.c.h; name = "UIImage+ImageEffects.h"; path = "../LWImageBrowser/UIImage+ImageEffects.h"; sourceTree = "<group>"; };
		011DFA541C9880D2000410D7 /* UIImage+ImageEffects.m */ = {isa = PBXFileReference; fileEncoding = 4; lastKnownFileType = sourcecode.c.objc; name = "UIImage+ImageEffects.m"; path = "../LWImageBrowser/UIImage+ImageEffects.m"; sourceTree = "<group>"; };
		011DFABB1C988479000410D7 /* [心]@2x.png */ = {isa = PBXFileReference; lastKnownFileType = image.png; name = "[心]@2x.png"; path = "Resource/[心]@2x.png"; sourceTree = SOURCE_ROOT; };
		011DFABC1C988479000410D7 /* [心]@3x.png */ = {isa = PBXFileReference; lastKnownFileType = image.png; name = "[心]@3x.png"; path = "Resource/[心]@3x.png"; sourceTree = SOURCE_ROOT; };
		011DFABD1C988479000410D7 /* comment.png */ = {isa = PBXFileReference; lastKnownFileType = image.png; name = comment.png; path = Resource/comment.png; sourceTree = SOURCE_ROOT; };
		011DFAC01C988479000410D7 /* like.png */ = {isa = PBXFileReference; lastKnownFileType = image.png; name = like.png; path = Resource/like.png; sourceTree = SOURCE_ROOT; };
		011DFAC11C988479000410D7 /* loading.png */ = {isa = PBXFileReference; lastKnownFileType = image.png; name = loading.png; path = Resource/loading.png; sourceTree = SOURCE_ROOT; };
		011DFAC21C988479000410D7 /* loading@2x.png */ = {isa = PBXFileReference; lastKnownFileType = image.png; name = "loading@2x.png"; path = "Resource/loading@2x.png"; sourceTree = SOURCE_ROOT; };
		011DFAC31C988479000410D7 /* loading@3x.png */ = {isa = PBXFileReference; lastKnownFileType = image.png; name = "loading@3x.png"; path = "Resource/loading@3x.png"; sourceTree = SOURCE_ROOT; };
		011DFAC41C988479000410D7 /* menu.png */ = {isa = PBXFileReference; lastKnownFileType = image.png; name = menu.png; path = Resource/menu.png; sourceTree = SOURCE_ROOT; };
		011DFAC51C988479000410D7 /* menu@2x.png */ = {isa = PBXFileReference; lastKnownFileType = image.png; name = "menu@2x.png"; path = "Resource/menu@2x.png"; sourceTree = SOURCE_ROOT; };
		011DFAC61C988479000410D7 /* menu@3x.png */ = {isa = PBXFileReference; lastKnownFileType = image.png; name = "menu@3x.png"; path = "Resource/menu@3x.png"; sourceTree = SOURCE_ROOT; };
		0152F8C61CB239010062CB32 /* comment@2x.png */ = {isa = PBXFileReference; lastKnownFileType = image.png; path = "comment@2x.png"; sourceTree = "<group>"; };
		0152F8C71CB239010062CB32 /* comment@3x.png */ = {isa = PBXFileReference; lastKnownFileType = image.png; path = "comment@3x.png"; sourceTree = "<group>"; };
		0154CB831C988AE4002CAF12 /* ViewController.h */ = {isa = PBXFileReference; fileEncoding = 4; lastKnownFileType = sourcecode.c.h; path = ViewController.h; sourceTree = "<group>"; };
		0154CB841C988AE4002CAF12 /* ViewController.m */ = {isa = PBXFileReference; fileEncoding = 4; lastKnownFileType = sourcecode.c.objc; path = ViewController.m; sourceTree = "<group>"; };
		017F67301C988BB700309E92 /* TableViewCell.h */ = {isa = PBXFileReference; fileEncoding = 4; lastKnownFileType = sourcecode.c.h; path = TableViewCell.h; sourceTree = "<group>"; };
		017F67311C988BB700309E92 /* TableViewCell.m */ = {isa = PBXFileReference; fileEncoding = 4; lastKnownFileType = sourcecode.c.objc; path = TableViewCell.m; sourceTree = "<group>"; };
		017F67361C988C5800309E92 /* TableViewHeader.h */ = {isa = PBXFileReference; fileEncoding = 4; lastKnownFileType = sourcecode.c.h; path = TableViewHeader.h; sourceTree = "<group>"; };
		017F67371C988C5800309E92 /* TableViewHeader.m */ = {isa = PBXFileReference; fileEncoding = 4; lastKnownFileType = sourcecode.c.objc; path = TableViewHeader.m; sourceTree = "<group>"; };
		01AE7F481CA1AEAF00E9F862 /* LWAlchemy.h */ = {isa = PBXFileReference; fileEncoding = 4; lastKnownFileType = sourcecode.c.h; name = LWAlchemy.h; path = ../LWAlchemy/LWAlchemy.h; sourceTree = "<group>"; };
		01AE7F4B1CA1AEAF00E9F862 /* LWAlchemyPropertyInfo.h */ = {isa = PBXFileReference; fileEncoding = 4; lastKnownFileType = sourcecode.c.h; name = LWAlchemyPropertyInfo.h; path = ../LWAlchemy/LWAlchemyPropertyInfo.h; sourceTree = "<group>"; };
		01AE7F4C1CA1AEAF00E9F862 /* LWAlchemyPropertyInfo.m */ = {isa = PBXFileReference; fileEncoding = 4; lastKnownFileType = sourcecode.c.objc; name = LWAlchemyPropertyInfo.m; path = ../LWAlchemy/LWAlchemyPropertyInfo.m; sourceTree = "<group>"; };
		01AE7F4D1CA1AEAF00E9F862 /* LWAlchemyValueTransformer.h */ = {isa = PBXFileReference; fileEncoding = 4; lastKnownFileType = sourcecode.c.h; name = LWAlchemyValueTransformer.h; path = ../LWAlchemy/LWAlchemyValueTransformer.h; sourceTree = "<group>"; };
		01AE7F4E1CA1AEAF00E9F862 /* LWAlchemyValueTransformer.m */ = {isa = PBXFileReference; fileEncoding = 4; lastKnownFileType = sourcecode.c.objc; name = LWAlchemyValueTransformer.m; path = ../LWAlchemy/LWAlchemyValueTransformer.m; sourceTree = "<group>"; };
		01AE7F4F1CA1AEAF00E9F862 /* NSObject+LWAlchemy.h */ = {isa = PBXFileReference; fileEncoding = 4; lastKnownFileType = sourcecode.c.h; name = "NSObject+LWAlchemy.h"; path = "../LWAlchemy/NSObject+LWAlchemy.h"; sourceTree = "<group>"; };
		01AE7F501CA1AEAF00E9F862 /* NSObject+LWAlchemy.m */ = {isa = PBXFileReference; fileEncoding = 4; lastKnownFileType = sourcecode.c.objc; name = "NSObject+LWAlchemy.m"; path = "../LWAlchemy/NSObject+LWAlchemy.m"; sourceTree = "<group>"; };
		01F51A0D1CA1B1CE00463571 /* CoreData.xcdatamodel */ = {isa = PBXFileReference; lastKnownFileType = wrapper.xcdatamodel; path = CoreData.xcdatamodel; sourceTree = "<group>"; };
		01F51A171CA1B7A400463571 /* CoreData.framework */ = {isa = PBXFileReference; lastKnownFileType = wrapper.framework; name = CoreData.framework; path = System/Library/Frameworks/CoreData.framework; sourceTree = SDKROOT; };
		B00257941CB65817008700D5 /* CellLayout.h */ = {isa = PBXFileReference; fileEncoding = 4; lastKnownFileType = sourcecode.c.h; path = CellLayout.h; sourceTree = "<group>"; };
		B00257951CB65817008700D5 /* CellLayout.m */ = {isa = PBXFileReference; fileEncoding = 4; lastKnownFileType = sourcecode.c.objc; path = CellLayout.m; sourceTree = "<group>"; };
		B058DCAF1CC1E708007ADADD /* LWImageContainer.h */ = {isa = PBXFileReference; fileEncoding = 4; lastKnownFileType = sourcecode.c.h; path = LWImageContainer.h; sourceTree = "<group>"; };
		B058DCB01CC1E708007ADADD /* LWImageContainer.m */ = {isa = PBXFileReference; fileEncoding = 4; lastKnownFileType = sourcecode.c.objc; path = LWImageContainer.m; sourceTree = "<group>"; };
		B074CC671CBB3A7F00ADECC1 /* CALayer+WebCache.h */ = {isa = PBXFileReference; fileEncoding = 4; lastKnownFileType = sourcecode.c.h; name = "CALayer+WebCache.h"; path = "../Gallop/CALayer+WebCache.h"; sourceTree = "<group>"; };
		B074CC681CBB3A7F00ADECC1 /* CALayer+WebCache.m */ = {isa = PBXFileReference; fileEncoding = 4; lastKnownFileType = sourcecode.c.objc; name = "CALayer+WebCache.m"; path = "../Gallop/CALayer+WebCache.m"; sourceTree = "<group>"; };
		B074CC691CBB3A7F00ADECC1 /* CALayer+WebCacheOperation.h */ = {isa = PBXFileReference; fileEncoding = 4; lastKnownFileType = sourcecode.c.h; name = "CALayer+WebCacheOperation.h"; path = "../Gallop/CALayer+WebCacheOperation.h"; sourceTree = "<group>"; };
		B074CC6A1CBB3A7F00ADECC1 /* CALayer+WebCacheOperation.m */ = {isa = PBXFileReference; fileEncoding = 4; lastKnownFileType = sourcecode.c.objc; name = "CALayer+WebCacheOperation.m"; path = "../Gallop/CALayer+WebCacheOperation.m"; sourceTree = "<group>"; };
		B074CC6B1CBB3A7F00ADECC1 /* LWAsyncDisplayLayer.h */ = {isa = PBXFileReference; fileEncoding = 4; lastKnownFileType = sourcecode.c.h; name = LWAsyncDisplayLayer.h; path = ../Gallop/LWAsyncDisplayLayer.h; sourceTree = "<group>"; };
		B074CC6C1CBB3A7F00ADECC1 /* LWAsyncDisplayLayer.m */ = {isa = PBXFileReference; fileEncoding = 4; lastKnownFileType = sourcecode.c.objc; name = LWAsyncDisplayLayer.m; path = ../Gallop/LWAsyncDisplayLayer.m; sourceTree = "<group>"; };
		B074CC6D1CBB3A7F00ADECC1 /* LWAsyncDisplayView.h */ = {isa = PBXFileReference; fileEncoding = 4; lastKnownFileType = sourcecode.c.h; name = LWAsyncDisplayView.h; path = ../Gallop/LWAsyncDisplayView.h; sourceTree = "<group>"; };
		B074CC6E1CBB3A7F00ADECC1 /* LWAsyncDisplayView.m */ = {isa = PBXFileReference; fileEncoding = 4; lastKnownFileType = sourcecode.c.objc; name = LWAsyncDisplayView.m; path = ../Gallop/LWAsyncDisplayView.m; sourceTree = "<group>"; };
		B074CC6F1CBB3A7F00ADECC1 /* LWConstraint.h */ = {isa = PBXFileReference; fileEncoding = 4; lastKnownFileType = sourcecode.c.h; name = LWConstraint.h; path = ../Gallop/LWConstraint.h; sourceTree = "<group>"; };
		B074CC701CBB3A7F00ADECC1 /* LWConstraint.m */ = {isa = PBXFileReference; fileEncoding = 4; lastKnownFileType = sourcecode.c.objc; name = LWConstraint.m; path = ../Gallop/LWConstraint.m; sourceTree = "<group>"; };
		B074CC711CBB3A7F00ADECC1 /* LWConstraintManager.h */ = {isa = PBXFileReference; fileEncoding = 4; lastKnownFileType = sourcecode.c.h; name = LWConstraintManager.h; path = ../Gallop/LWConstraintManager.h; sourceTree = "<group>"; };
		B074CC721CBB3A7F00ADECC1 /* LWConstraintManager.m */ = {isa = PBXFileReference; fileEncoding = 4; lastKnownFileType = sourcecode.c.objc; name = LWConstraintManager.m; path = ../Gallop/LWConstraintManager.m; sourceTree = "<group>"; };
		B074CC731CBB3A7F00ADECC1 /* LWDefine.h */ = {isa = PBXFileReference; fileEncoding = 4; lastKnownFileType = sourcecode.c.h; name = LWDefine.h; path = ../Gallop/LWDefine.h; sourceTree = "<group>"; };
		B074CC741CBB3A7F00ADECC1 /* LWFlag.h */ = {isa = PBXFileReference; fileEncoding = 4; lastKnownFileType = sourcecode.c.h; name = LWFlag.h; path = ../Gallop/LWFlag.h; sourceTree = "<group>"; };
		B074CC751CBB3A7F00ADECC1 /* LWFlag.m */ = {isa = PBXFileReference; fileEncoding = 4; lastKnownFileType = sourcecode.c.objc; name = LWFlag.m; path = ../Gallop/LWFlag.m; sourceTree = "<group>"; };
		B074CC761CBB3A7F00ADECC1 /* LWImageStorage.h */ = {isa = PBXFileReference; fileEncoding = 4; lastKnownFileType = sourcecode.c.h; name = LWImageStorage.h; path = ../Gallop/LWImageStorage.h; sourceTree = "<group>"; };
		B074CC771CBB3A7F00ADECC1 /* LWImageStorage.m */ = {isa = PBXFileReference; fileEncoding = 4; lastKnownFileType = sourcecode.c.objc; name = LWImageStorage.m; path = ../Gallop/LWImageStorage.m; sourceTree = "<group>"; };
		B074CC781CBB3A7F00ADECC1 /* LWLayout.h */ = {isa = PBXFileReference; fileEncoding = 4; lastKnownFileType = sourcecode.c.h; name = LWLayout.h; path = ../Gallop/LWLayout.h; sourceTree = "<group>"; };
		B074CC791CBB3A7F00ADECC1 /* LWLayout.m */ = {isa = PBXFileReference; fileEncoding = 4; lastKnownFileType = sourcecode.c.objc; name = LWLayout.m; path = ../Gallop/LWLayout.m; sourceTree = "<group>"; };
		B074CC7A1CBB3A7F00ADECC1 /* LWRunLoopTransactions.h */ = {isa = PBXFileReference; fileEncoding = 4; lastKnownFileType = sourcecode.c.h; name = LWRunLoopTransactions.h; path = ../Gallop/LWRunLoopTransactions.h; sourceTree = "<group>"; };
		B074CC7B1CBB3A7F00ADECC1 /* LWRunLoopTransactions.m */ = {isa = PBXFileReference; fileEncoding = 4; lastKnownFileType = sourcecode.c.objc; name = LWRunLoopTransactions.m; path = ../Gallop/LWRunLoopTransactions.m; sourceTree = "<group>"; };
		B074CC7C1CBB3A7F00ADECC1 /* LWStorage.h */ = {isa = PBXFileReference; fileEncoding = 4; lastKnownFileType = sourcecode.c.h; name = LWStorage.h; path = ../Gallop/LWStorage.h; sourceTree = "<group>"; };
		B074CC7D1CBB3A7F00ADECC1 /* LWStorage.m */ = {isa = PBXFileReference; fileEncoding = 4; lastKnownFileType = sourcecode.c.objc; name = LWStorage.m; path = ../Gallop/LWStorage.m; sourceTree = "<group>"; };
		B074CC7E1CBB3A7F00ADECC1 /* LWStorage+Constraint.h */ = {isa = PBXFileReference; fileEncoding = 4; lastKnownFileType = sourcecode.c.h; name = "LWStorage+Constraint.h"; path = "../Gallop/LWStorage+Constraint.h"; sourceTree = "<group>"; };
		B074CC7F1CBB3A7F00ADECC1 /* LWStorage+Constraint.m */ = {isa = PBXFileReference; fileEncoding = 4; lastKnownFileType = sourcecode.c.objc; name = "LWStorage+Constraint.m"; path = "../Gallop/LWStorage+Constraint.m"; sourceTree = "<group>"; };
		B074CC801CBB3A7F00ADECC1 /* LWTextAttach.h */ = {isa = PBXFileReference; fileEncoding = 4; lastKnownFileType = sourcecode.c.h; name = LWTextAttach.h; path = ../Gallop/LWTextAttach.h; sourceTree = "<group>"; };
		B074CC811CBB3A7F00ADECC1 /* LWTextAttach.m */ = {isa = PBXFileReference; fileEncoding = 4; lastKnownFileType = sourcecode.c.objc; name = LWTextAttach.m; path = ../Gallop/LWTextAttach.m; sourceTree = "<group>"; };
		B074CC821CBB3A7F00ADECC1 /* LWTextParser.h */ = {isa = PBXFileReference; fileEncoding = 4; lastKnownFileType = sourcecode.c.h; name = LWTextParser.h; path = ../Gallop/LWTextParser.h; sourceTree = "<group>"; };
		B074CC831CBB3A7F00ADECC1 /* LWTextParser.m */ = {isa = PBXFileReference; fileEncoding = 4; lastKnownFileType = sourcecode.c.objc; name = LWTextParser.m; path = ../Gallop/LWTextParser.m; sourceTree = "<group>"; };
		B074CC841CBB3A7F00ADECC1 /* LWTextStorage.h */ = {isa = PBXFileReference; fileEncoding = 4; lastKnownFileType = sourcecode.c.h; name = LWTextStorage.h; path = ../Gallop/LWTextStorage.h; sourceTree = "<group>"; };
		B074CC851CBB3A7F00ADECC1 /* LWTextStorage.m */ = {isa = PBXFileReference; fileEncoding = 4; lastKnownFileType = sourcecode.c.objc; name = LWTextStorage.m; path = ../Gallop/LWTextStorage.m; sourceTree = "<group>"; };
		B0C503EA1CAE4FC300B6D3FB /* LWAlchemyManager.h */ = {isa = PBXFileReference; fileEncoding = 4; lastKnownFileType = sourcecode.c.h; name = LWAlchemyManager.h; path = ../LWAlchemy/LWAlchemyManager.h; sourceTree = "<group>"; };
		B0C503EB1CAE4FC300B6D3FB /* LWAlchemyManager.m */ = {isa = PBXFileReference; fileEncoding = 4; lastKnownFileType = sourcecode.c.objc; name = LWAlchemyManager.m; path = ../LWAlchemy/LWAlchemyManager.m; sourceTree = "<group>"; };
		B0D980351CB392D7006D0071 /* StatusModel.h */ = {isa = PBXFileReference; fileEncoding = 4; lastKnownFileType = sourcecode.c.h; path = StatusModel.h; sourceTree = "<group>"; };
		B0D980361CB392D7006D0071 /* StatusModel.m */ = {isa = PBXFileReference; fileEncoding = 4; lastKnownFileType = sourcecode.c.objc; path = StatusModel.m; sourceTree = "<group>"; };
		B0D9EB171CB0F435009FDCCF /* MKAnnotationView+WebCache.h */ = {isa = PBXFileReference; fileEncoding = 4; lastKnownFileType = sourcecode.c.h; name = "MKAnnotationView+WebCache.h"; path = "../SDWebImage/MKAnnotationView+WebCache.h"; sourceTree = "<group>"; };
		B0D9EB181CB0F435009FDCCF /* MKAnnotationView+WebCache.m */ = {isa = PBXFileReference; fileEncoding = 4; lastKnownFileType = sourcecode.c.objc; name = "MKAnnotationView+WebCache.m"; path = "../SDWebImage/MKAnnotationView+WebCache.m"; sourceTree = "<group>"; };
		B0D9EB191CB0F435009FDCCF /* NSData+ImageContentType.h */ = {isa = PBXFileReference; fileEncoding = 4; lastKnownFileType = sourcecode.c.h; name = "NSData+ImageContentType.h"; path = "../SDWebImage/NSData+ImageContentType.h"; sourceTree = "<group>"; };
		B0D9EB1A1CB0F435009FDCCF /* NSData+ImageContentType.m */ = {isa = PBXFileReference; fileEncoding = 4; lastKnownFileType = sourcecode.c.objc; name = "NSData+ImageContentType.m"; path = "../SDWebImage/NSData+ImageContentType.m"; sourceTree = "<group>"; };
		B0D9EB1D1CB0F435009FDCCF /* SDImageCache.h */ = {isa = PBXFileReference; fileEncoding = 4; lastKnownFileType = sourcecode.c.h; name = SDImageCache.h; path = ../SDWebImage/SDImageCache.h; sourceTree = "<group>"; };
		B0D9EB1E1CB0F435009FDCCF /* SDImageCache.m */ = {isa = PBXFileReference; fileEncoding = 4; lastKnownFileType = sourcecode.c.objc; name = SDImageCache.m; path = ../SDWebImage/SDImageCache.m; sourceTree = "<group>"; };
		B0D9EB1F1CB0F435009FDCCF /* SDWebImageCompat.h */ = {isa = PBXFileReference; fileEncoding = 4; lastKnownFileType = sourcecode.c.h; name = SDWebImageCompat.h; path = ../SDWebImage/SDWebImageCompat.h; sourceTree = "<group>"; };
		B0D9EB201CB0F435009FDCCF /* SDWebImageCompat.m */ = {isa = PBXFileReference; fileEncoding = 4; lastKnownFileType = sourcecode.c.objc; name = SDWebImageCompat.m; path = ../SDWebImage/SDWebImageCompat.m; sourceTree = "<group>"; };
		B0D9EB211CB0F435009FDCCF /* SDWebImageDecoder.h */ = {isa = PBXFileReference; fileEncoding = 4; lastKnownFileType = sourcecode.c.h; name = SDWebImageDecoder.h; path = ../SDWebImage/SDWebImageDecoder.h; sourceTree = "<group>"; };
		B0D9EB221CB0F435009FDCCF /* SDWebImageDecoder.m */ = {isa = PBXFileReference; fileEncoding = 4; lastKnownFileType = sourcecode.c.objc; name = SDWebImageDecoder.m; path = ../SDWebImage/SDWebImageDecoder.m; sourceTree = "<group>"; };
		B0D9EB231CB0F435009FDCCF /* SDWebImageDownloader.h */ = {isa = PBXFileReference; fileEncoding = 4; lastKnownFileType = sourcecode.c.h; name = SDWebImageDownloader.h; path = ../SDWebImage/SDWebImageDownloader.h; sourceTree = "<group>"; };
		B0D9EB241CB0F435009FDCCF /* SDWebImageDownloader.m */ = {isa = PBXFileReference; fileEncoding = 4; lastKnownFileType = sourcecode.c.objc; name = SDWebImageDownloader.m; path = ../SDWebImage/SDWebImageDownloader.m; sourceTree = "<group>"; };
		B0D9EB251CB0F435009FDCCF /* SDWebImageDownloaderOperation.h */ = {isa = PBXFileReference; fileEncoding = 4; lastKnownFileType = sourcecode.c.h; name = SDWebImageDownloaderOperation.h; path = ../SDWebImage/SDWebImageDownloaderOperation.h; sourceTree = "<group>"; };
		B0D9EB261CB0F435009FDCCF /* SDWebImageDownloaderOperation.m */ = {isa = PBXFileReference; fileEncoding = 4; lastKnownFileType = sourcecode.c.objc; name = SDWebImageDownloaderOperation.m; path = ../SDWebImage/SDWebImageDownloaderOperation.m; sourceTree = "<group>"; };
		B0D9EB271CB0F435009FDCCF /* SDWebImageManager.h */ = {isa = PBXFileReference; fileEncoding = 4; lastKnownFileType = sourcecode.c.h; name = SDWebImageManager.h; path = ../SDWebImage/SDWebImageManager.h; sourceTree = "<group>"; };
		B0D9EB281CB0F435009FDCCF /* SDWebImageManager.m */ = {isa = PBXFileReference; fileEncoding = 4; lastKnownFileType = sourcecode.c.objc; name = SDWebImageManager.m; path = ../SDWebImage/SDWebImageManager.m; sourceTree = "<group>"; };
		B0D9EB291CB0F435009FDCCF /* SDWebImageOperation.h */ = {isa = PBXFileReference; fileEncoding = 4; lastKnownFileType = sourcecode.c.h; name = SDWebImageOperation.h; path = ../SDWebImage/SDWebImageOperation.h; sourceTree = "<group>"; };
		B0D9EB2A1CB0F435009FDCCF /* SDWebImagePrefetcher.h */ = {isa = PBXFileReference; fileEncoding = 4; lastKnownFileType = sourcecode.c.h; name = SDWebImagePrefetcher.h; path = ../SDWebImage/SDWebImagePrefetcher.h; sourceTree = "<group>"; };
		B0D9EB2B1CB0F435009FDCCF /* SDWebImagePrefetcher.m */ = {isa = PBXFileReference; fileEncoding = 4; lastKnownFileType = sourcecode.c.objc; name = SDWebImagePrefetcher.m; path = ../SDWebImage/SDWebImagePrefetcher.m; sourceTree = "<group>"; };
		B0D9EB2C1CB0F435009FDCCF /* UIButton+WebCache.h */ = {isa = PBXFileReference; fileEncoding = 4; lastKnownFileType = sourcecode.c.h; name = "UIButton+WebCache.h"; path = "../SDWebImage/UIButton+WebCache.h"; sourceTree = "<group>"; };
		B0D9EB2D1CB0F435009FDCCF /* UIButton+WebCache.m */ = {isa = PBXFileReference; fileEncoding = 4; lastKnownFileType = sourcecode.c.objc; name = "UIButton+WebCache.m"; path = "../SDWebImage/UIButton+WebCache.m"; sourceTree = "<group>"; };
		B0D9EB2E1CB0F435009FDCCF /* UIImage+GIF.h */ = {isa = PBXFileReference; fileEncoding = 4; lastKnownFileType = sourcecode.c.h; name = "UIImage+GIF.h"; path = "../SDWebImage/UIImage+GIF.h"; sourceTree = "<group>"; };
		B0D9EB2F1CB0F435009FDCCF /* UIImage+GIF.m */ = {isa = PBXFileReference; fileEncoding = 4; lastKnownFileType = sourcecode.c.objc; name = "UIImage+GIF.m"; path = "../SDWebImage/UIImage+GIF.m"; sourceTree = "<group>"; };
		B0D9EB301CB0F435009FDCCF /* UIImage+MultiFormat.h */ = {isa = PBXFileReference; fileEncoding = 4; lastKnownFileType = sourcecode.c.h; name = "UIImage+MultiFormat.h"; path = "../SDWebImage/UIImage+MultiFormat.h"; sourceTree = "<group>"; };
		B0D9EB311CB0F435009FDCCF /* UIImage+MultiFormat.m */ = {isa = PBXFileReference; fileEncoding = 4; lastKnownFileType = sourcecode.c.objc; name = "UIImage+MultiFormat.m"; path = "../SDWebImage/UIImage+MultiFormat.m"; sourceTree = "<group>"; };
		B0D9EB321CB0F435009FDCCF /* UIImage+WebP.h */ = {isa = PBXFileReference; fileEncoding = 4; lastKnownFileType = sourcecode.c.h; name = "UIImage+WebP.h"; path = "../SDWebImage/UIImage+WebP.h"; sourceTree = "<group>"; };
		B0D9EB331CB0F435009FDCCF /* UIImage+WebP.m */ = {isa = PBXFileReference; fileEncoding = 4; lastKnownFileType = sourcecode.c.objc; name = "UIImage+WebP.m"; path = "../SDWebImage/UIImage+WebP.m"; sourceTree = "<group>"; };
		B0D9EB341CB0F435009FDCCF /* UIImageView+HighlightedWebCache.h */ = {isa = PBXFileReference; fileEncoding = 4; lastKnownFileType = sourcecode.c.h; name = "UIImageView+HighlightedWebCache.h"; path = "../SDWebImage/UIImageView+HighlightedWebCache.h"; sourceTree = "<group>"; };
		B0D9EB351CB0F435009FDCCF /* UIImageView+HighlightedWebCache.m */ = {isa = PBXFileReference; fileEncoding = 4; lastKnownFileType = sourcecode.c.objc; name = "UIImageView+HighlightedWebCache.m"; path = "../SDWebImage/UIImageView+HighlightedWebCache.m"; sourceTree = "<group>"; };
		B0D9EB361CB0F435009FDCCF /* UIImageView+WebCache.h */ = {isa = PBXFileReference; fileEncoding = 4; lastKnownFileType = sourcecode.c.h; name = "UIImageView+WebCache.h"; path = "../SDWebImage/UIImageView+WebCache.h"; sourceTree = "<group>"; };
		B0D9EB371CB0F435009FDCCF /* UIImageView+WebCache.m */ = {isa = PBXFileReference; fileEncoding = 4; lastKnownFileType = sourcecode.c.objc; name = "UIImageView+WebCache.m"; path = "../SDWebImage/UIImageView+WebCache.m"; sourceTree = "<group>"; };
		B0D9EB381CB0F435009FDCCF /* UIView+WebCacheOperation.h */ = {isa = PBXFileReference; fileEncoding = 4; lastKnownFileType = sourcecode.c.h; name = "UIView+WebCacheOperation.h"; path = "../SDWebImage/UIView+WebCacheOperation.h"; sourceTree = "<group>"; };
		B0D9EB391CB0F435009FDCCF /* UIView+WebCacheOperation.m */ = {isa = PBXFileReference; fileEncoding = 4; lastKnownFileType = sourcecode.c.objc; name = "UIView+WebCacheOperation.m"; path = "../SDWebImage/UIView+WebCacheOperation.m"; sourceTree = "<group>"; };
		B0FB547C1CBCEC88009478C3 /* CALayer+GallopAddtions.h */ = {isa = PBXFileReference; fileEncoding = 4; lastKnownFileType = sourcecode.c.h; name = "CALayer+GallopAddtions.h"; path = "../Gallop/CALayer+GallopAddtions.h"; sourceTree = "<group>"; };
		B0FB547D1CBCEC88009478C3 /* CALayer+GallopAddtions.m */ = {isa = PBXFileReference; fileEncoding = 4; lastKnownFileType = sourcecode.c.objc; name = "CALayer+GallopAddtions.m"; path = "../Gallop/CALayer+GallopAddtions.m"; sourceTree = "<group>"; };
		B0FB547E1CBCEC88009478C3 /* NSObject+SwizzleMethod.h */ = {isa = PBXFileReference; fileEncoding = 4; lastKnownFileType = sourcecode.c.h; name = "NSObject+SwizzleMethod.h"; path = "../Gallop/NSObject+SwizzleMethod.h"; sourceTree = "<group>"; };
		B0FB547F1CBCEC88009478C3 /* NSObject+SwizzleMethod.m */ = {isa = PBXFileReference; fileEncoding = 4; lastKnownFileType = sourcecode.c.objc; name = "NSObject+SwizzleMethod.m"; path = "../Gallop/NSObject+SwizzleMethod.m"; sourceTree = "<group>"; };
/* End PBXFileReference section */

/* Begin PBXFrameworksBuildPhase section */
		011DFA171C987CD6000410D7 /* Frameworks */ = {
			isa = PBXFrameworksBuildPhase;
			buildActionMask = 2147483647;
			files = (
				01F51A181CA1B7A400463571 /* CoreData.framework in Frameworks */,
			);
			runOnlyForDeploymentPostprocessing = 0;
		};
/* End PBXFrameworksBuildPhase section */

/* Begin PBXGroup section */
		011DFA111C987CD6000410D7 = {
			isa = PBXGroup;
			children = (
				B085B3441CB69C7B00087739 /* Vendors */,
				011DFA341C987DF6000410D7 /* Gallop */,
				011DFA1C1C987CD6000410D7 /* Demo */,
				011DFA1B1C987CD6000410D7 /* Products */,
			);
			sourceTree = "<group>";
		};
		011DFA1B1C987CD6000410D7 /* Products */ = {
			isa = PBXGroup;
			children = (
				011DFA1A1C987CD6000410D7 /* LWAsyncDisplayViewDemo.app */,
			);
			name = Products;
			sourceTree = "<group>";
		};
		011DFA1C1C987CD6000410D7 /* Demo */ = {
			isa = PBXGroup;
			children = (
				017F673C1C98978900309E92 /* Others */,
				011DFABA1C9883F3000410D7 /* Resource */,
				0154CB831C988AE4002CAF12 /* ViewController.h */,
				0154CB841C988AE4002CAF12 /* ViewController.m */,
				B00257941CB65817008700D5 /* CellLayout.h */,
				B00257951CB65817008700D5 /* CellLayout.m */,
				017F67301C988BB700309E92 /* TableViewCell.h */,
				017F67311C988BB700309E92 /* TableViewCell.m */,
				011DFA1D1C987CD6000410D7 /* Supporting Files */,
			);
			name = Demo;
			path = LWAsyncDisplayViewDemo;
			sourceTree = "<group>";
		};
		011DFA1D1C987CD6000410D7 /* Supporting Files */ = {
			isa = PBXGroup;
			children = (
				011DFA291C987CD6000410D7 /* Assets.xcassets */,
				011DFA2E1C987CD6000410D7 /* Info.plist */,
				011DFA1E1C987CD6000410D7 /* main.m */,
			);
			name = "Supporting Files";
			sourceTree = "<group>";
		};
		011DFA341C987DF6000410D7 /* Gallop */ = {
			isa = PBXGroup;
			children = (
				B085B3431CB68D1000087739 /* Utils */,
				B085B3421CB68CF500087739 /* DisplayView */,
				B085B3411CB68CD700087739 /* Storage */,
				B085B3401CB68CCB00087739 /* Constraint */,
			);
			name = Gallop;
			sourceTree = "<group>";
		};
		011DFA351C987DF8000410D7 /* LWImageBrowser */ = {
			isa = PBXGroup;
			children = (
				011DFA431C9880D2000410D7 /* LWActionSheetTableViewCell.h */,
				011DFA441C9880D2000410D7 /* LWActionSheetTableViewCell.m */,
				011DFA451C9880D2000410D7 /* LWActionSheetView.h */,
				011DFA461C9880D2000410D7 /* LWActionSheetView.m */,
				011DFA471C9880D2000410D7 /* LWImageBrowser.h */,
				011DFA481C9880D2000410D7 /* LWImageBrowser.m */,
				011DFA491C9880D2000410D7 /* LWImageBrowserButton.h */,
				011DFA4A1C9880D2000410D7 /* LWImageBrowserButton.m */,
				011DFA4B1C9880D2000410D7 /* LWImageBrowserCell.h */,
				011DFA4C1C9880D2000410D7 /* LWImageBrowserCell.m */,
				011DFA4D1C9880D2000410D7 /* LWImageBrowserFlowLayout.h */,
				011DFA4E1C9880D2000410D7 /* LWImageBrowserFlowLayout.m */,
				011DFA4F1C9880D2000410D7 /* LWImageBrowserModel.h */,
				011DFA501C9880D2000410D7 /* LWImageBrowserModel.m */,
				011DFA511C9880D2000410D7 /* LWImageItem.h */,
				011DFA521C9880D2000410D7 /* LWImageItem.m */,
				011DFA531C9880D2000410D7 /* UIImage+ImageEffects.h */,
				011DFA541C9880D2000410D7 /* UIImage+ImageEffects.m */,
			);
			name = LWImageBrowser;
			sourceTree = "<group>";
		};
		011DFA361C987DFC000410D7 /* LWAlchemy */ = {
			isa = PBXGroup;
			children = (
				01AE7F481CA1AEAF00E9F862 /* LWAlchemy.h */,
				B0C503EA1CAE4FC300B6D3FB /* LWAlchemyManager.h */,
				B0C503EB1CAE4FC300B6D3FB /* LWAlchemyManager.m */,
				01AE7F4B1CA1AEAF00E9F862 /* LWAlchemyPropertyInfo.h */,
				01AE7F4C1CA1AEAF00E9F862 /* LWAlchemyPropertyInfo.m */,
				01AE7F4D1CA1AEAF00E9F862 /* LWAlchemyValueTransformer.h */,
				01AE7F4E1CA1AEAF00E9F862 /* LWAlchemyValueTransformer.m */,
				01AE7F4F1CA1AEAF00E9F862 /* NSObject+LWAlchemy.h */,
				01AE7F501CA1AEAF00E9F862 /* NSObject+LWAlchemy.m */,
			);
			name = LWAlchemy;
			sourceTree = "<group>";
		};
		011DFA681C9881AE000410D7 /* SDWebImage */ = {
			isa = PBXGroup;
			children = (
				B0D9EB171CB0F435009FDCCF /* MKAnnotationView+WebCache.h */,
				B0D9EB181CB0F435009FDCCF /* MKAnnotationView+WebCache.m */,
				B0D9EB191CB0F435009FDCCF /* NSData+ImageContentType.h */,
				B0D9EB1A1CB0F435009FDCCF /* NSData+ImageContentType.m */,
				B0D9EB1D1CB0F435009FDCCF /* SDImageCache.h */,
				B0D9EB1E1CB0F435009FDCCF /* SDImageCache.m */,
				B0D9EB1F1CB0F435009FDCCF /* SDWebImageCompat.h */,
				B0D9EB201CB0F435009FDCCF /* SDWebImageCompat.m */,
				B0D9EB211CB0F435009FDCCF /* SDWebImageDecoder.h */,
				B0D9EB221CB0F435009FDCCF /* SDWebImageDecoder.m */,
				B0D9EB231CB0F435009FDCCF /* SDWebImageDownloader.h */,
				B0D9EB241CB0F435009FDCCF /* SDWebImageDownloader.m */,
				B0D9EB251CB0F435009FDCCF /* SDWebImageDownloaderOperation.h */,
				B0D9EB261CB0F435009FDCCF /* SDWebImageDownloaderOperation.m */,
				B0D9EB271CB0F435009FDCCF /* SDWebImageManager.h */,
				B0D9EB281CB0F435009FDCCF /* SDWebImageManager.m */,
				B0D9EB291CB0F435009FDCCF /* SDWebImageOperation.h */,
				B0D9EB2A1CB0F435009FDCCF /* SDWebImagePrefetcher.h */,
				B0D9EB2B1CB0F435009FDCCF /* SDWebImagePrefetcher.m */,
				B0D9EB2C1CB0F435009FDCCF /* UIButton+WebCache.h */,
				B0D9EB2D1CB0F435009FDCCF /* UIButton+WebCache.m */,
				B0D9EB2E1CB0F435009FDCCF /* UIImage+GIF.h */,
				B0D9EB2F1CB0F435009FDCCF /* UIImage+GIF.m */,
				B0D9EB301CB0F435009FDCCF /* UIImage+MultiFormat.h */,
				B0D9EB311CB0F435009FDCCF /* UIImage+MultiFormat.m */,
				B0D9EB321CB0F435009FDCCF /* UIImage+WebP.h */,
				B0D9EB331CB0F435009FDCCF /* UIImage+WebP.m */,
				B0D9EB341CB0F435009FDCCF /* UIImageView+HighlightedWebCache.h */,
				B0D9EB351CB0F435009FDCCF /* UIImageView+HighlightedWebCache.m */,
				B0D9EB361CB0F435009FDCCF /* UIImageView+WebCache.h */,
				B0D9EB371CB0F435009FDCCF /* UIImageView+WebCache.m */,
				B0D9EB381CB0F435009FDCCF /* UIView+WebCacheOperation.h */,
				B0D9EB391CB0F435009FDCCF /* UIView+WebCacheOperation.m */,
			);
			name = SDWebImage;
			sourceTree = "<group>";
		};
		011DFABA1C9883F3000410D7 /* Resource */ = {
			isa = PBXGroup;
			children = (
				0152F8C61CB239010062CB32 /* comment@2x.png */,
				0152F8C71CB239010062CB32 /* comment@3x.png */,
				011DFABB1C988479000410D7 /* [心]@2x.png */,
				011DFABC1C988479000410D7 /* [心]@3x.png */,
				011DFABD1C988479000410D7 /* comment.png */,
				011DFAC01C988479000410D7 /* like.png */,
				011DFAC11C988479000410D7 /* loading.png */,
				011DFAC21C988479000410D7 /* loading@2x.png */,
				011DFAC31C988479000410D7 /* loading@3x.png */,
				011DFAC41C988479000410D7 /* menu.png */,
				011DFAC51C988479000410D7 /* menu@2x.png */,
				011DFAC61C988479000410D7 /* menu@3x.png */,
			);
			name = Resource;
			sourceTree = "<group>";
		};
		017F673C1C98978900309E92 /* Others */ = {
			isa = PBXGroup;
			children = (
				01F51A171CA1B7A400463571 /* CoreData.framework */,
				01F51A0C1CA1B1CE00463571 /* CoreData.xcdatamodeld */,
				B0D980351CB392D7006D0071 /* StatusModel.h */,
				B0D980361CB392D7006D0071 /* StatusModel.m */,
				011DFA201C987CD6000410D7 /* AppDelegate.h */,
				011DFA211C987CD6000410D7 /* AppDelegate.m */,
				017F67361C988C5800309E92 /* TableViewHeader.h */,
				017F67371C988C5800309E92 /* TableViewHeader.m */,
			);
			name = Others;
			sourceTree = "<group>";
		};
		B085B3401CB68CCB00087739 /* Constraint */ = {
			isa = PBXGroup;
			children = (
				B074CC711CBB3A7F00ADECC1 /* LWConstraintManager.h */,
				B074CC721CBB3A7F00ADECC1 /* LWConstraintManager.m */,
				B074CC6F1CBB3A7F00ADECC1 /* LWConstraint.h */,
				B074CC701CBB3A7F00ADECC1 /* LWConstraint.m */,
				B074CC7E1CBB3A7F00ADECC1 /* LWStorage+Constraint.h */,
				B074CC7F1CBB3A7F00ADECC1 /* LWStorage+Constraint.m */,
			);
			name = Constraint;
			sourceTree = "<group>";
		};
		B085B3411CB68CD700087739 /* Storage */ = {
			isa = PBXGroup;
			children = (
				B074CC781CBB3A7F00ADECC1 /* LWLayout.h */,
				B074CC791CBB3A7F00ADECC1 /* LWLayout.m */,
				B074CC7C1CBB3A7F00ADECC1 /* LWStorage.h */,
				B074CC7D1CBB3A7F00ADECC1 /* LWStorage.m */,
				B074CC841CBB3A7F00ADECC1 /* LWTextStorage.h */,
				B074CC851CBB3A7F00ADECC1 /* LWTextStorage.m */,
				B074CC761CBB3A7F00ADECC1 /* LWImageStorage.h */,
				B074CC771CBB3A7F00ADECC1 /* LWImageStorage.m */,
				B074CC801CBB3A7F00ADECC1 /* LWTextAttach.h */,
				B074CC811CBB3A7F00ADECC1 /* LWTextAttach.m */,
				B058DCAF1CC1E708007ADADD /* LWImageContainer.h */,
				B058DCB01CC1E708007ADADD /* LWImageContainer.m */,
			);
			name = Storage;
			sourceTree = "<group>";
		};
		B085B3421CB68CF500087739 /* DisplayView */ = {
			isa = PBXGroup;
			children = (
				B074CC6B1CBB3A7F00ADECC1 /* LWAsyncDisplayLayer.h */,
				B074CC6C1CBB3A7F00ADECC1 /* LWAsyncDisplayLayer.m */,
				B074CC6D1CBB3A7F00ADECC1 /* LWAsyncDisplayView.h */,
				B074CC6E1CBB3A7F00ADECC1 /* LWAsyncDisplayView.m */,
			);
			name = DisplayView;
			sourceTree = "<group>";
		};
		B085B3431CB68D1000087739 /* Utils */ = {
			isa = PBXGroup;
			children = (
				B074CC731CBB3A7F00ADECC1 /* LWDefine.h */,
				B0FB547C1CBCEC88009478C3 /* CALayer+GallopAddtions.h */,
				B0FB547D1CBCEC88009478C3 /* CALayer+GallopAddtions.m */,
				B0FB547E1CBCEC88009478C3 /* NSObject+SwizzleMethod.h */,
				B0FB547F1CBCEC88009478C3 /* NSObject+SwizzleMethod.m */,
				B074CC7A1CBB3A7F00ADECC1 /* LWRunLoopTransactions.h */,
				B074CC7B1CBB3A7F00ADECC1 /* LWRunLoopTransactions.m */,
				B074CC671CBB3A7F00ADECC1 /* CALayer+WebCache.h */,
				B074CC681CBB3A7F00ADECC1 /* CALayer+WebCache.m */,
				B074CC691CBB3A7F00ADECC1 /* CALayer+WebCacheOperation.h */,
				B074CC6A1CBB3A7F00ADECC1 /* CALayer+WebCacheOperation.m */,
				B074CC821CBB3A7F00ADECC1 /* LWTextParser.h */,
				B074CC831CBB3A7F00ADECC1 /* LWTextParser.m */,
				B074CC741CBB3A7F00ADECC1 /* LWFlag.h */,
				B074CC751CBB3A7F00ADECC1 /* LWFlag.m */,
			);
			name = Utils;
			sourceTree = "<group>";
		};
		B085B3441CB69C7B00087739 /* Vendors */ = {
			isa = PBXGroup;
			children = (
				011DFA681C9881AE000410D7 /* SDWebImage */,
				011DFA361C987DFC000410D7 /* LWAlchemy */,
				011DFA351C987DF8000410D7 /* LWImageBrowser */,
			);
			name = Vendors;
			sourceTree = "<group>";
		};
/* End PBXGroup section */

/* Begin PBXNativeTarget section */
		011DFA191C987CD6000410D7 /* LWAsyncDisplayViewDemo */ = {
			isa = PBXNativeTarget;
			buildConfigurationList = 011DFA311C987CD6000410D7 /* Build configuration list for PBXNativeTarget "LWAsyncDisplayViewDemo" */;
			buildPhases = (
				011DFA161C987CD6000410D7 /* Sources */,
				011DFA171C987CD6000410D7 /* Frameworks */,
				011DFA181C987CD6000410D7 /* Resources */,
			);
			buildRules = (
			);
			dependencies = (
			);
			name = LWAsyncDisplayViewDemo;
			productName = LWAsyncDisplayViewDemo;
			productReference = 011DFA1A1C987CD6000410D7 /* LWAsyncDisplayViewDemo.app */;
			productType = "com.apple.product-type.application";
		};
/* End PBXNativeTarget section */

/* Begin PBXProject section */
		011DFA121C987CD6000410D7 /* Project object */ = {
			isa = PBXProject;
			attributes = {
				LastUpgradeCheck = 0720;
				ORGANIZATIONNAME = WayneInc;
				TargetAttributes = {
					011DFA191C987CD6000410D7 = {
						CreatedOnToolsVersion = 7.2.1;
						DevelopmentTeam = N29J3PPND9;
					};
				};
			};
			buildConfigurationList = 011DFA151C987CD6000410D7 /* Build configuration list for PBXProject "LWAsyncDisplayViewDemo" */;
			compatibilityVersion = "Xcode 3.2";
			developmentRegion = English;
			hasScannedForEncodings = 0;
			knownRegions = (
				en,
				Base,
			);
			mainGroup = 011DFA111C987CD6000410D7;
			productRefGroup = 011DFA1B1C987CD6000410D7 /* Products */;
			projectDirPath = "";
			projectRoot = "";
			targets = (
				011DFA191C987CD6000410D7 /* LWAsyncDisplayViewDemo */,
			);
		};
/* End PBXProject section */

/* Begin PBXResourcesBuildPhase section */
		011DFA181C987CD6000410D7 /* Resources */ = {
			isa = PBXResourcesBuildPhase;
			buildActionMask = 2147483647;
			files = (
				011DFACD1C988479000410D7 /* loading.png in Resources */,
				011DFACC1C988479000410D7 /* like.png in Resources */,
				011DFAD21C988479000410D7 /* menu@3x.png in Resources */,
				011DFAD11C988479000410D7 /* menu@2x.png in Resources */,
				011DFACE1C988479000410D7 /* loading@2x.png in Resources */,
				011DFA2A1C987CD6000410D7 /* Assets.xcassets in Resources */,
				011DFACF1C988479000410D7 /* loading@3x.png in Resources */,
				0152F8C81CB239010062CB32 /* comment@2x.png in Resources */,
				011DFAC91C988479000410D7 /* comment.png in Resources */,
				011DFAD01C988479000410D7 /* menu.png in Resources */,
				0152F8C91CB239010062CB32 /* comment@3x.png in Resources */,
				011DFAC81C988479000410D7 /* [心]@3x.png in Resources */,
				011DFAC71C988479000410D7 /* [心]@2x.png in Resources */,
			);
			runOnlyForDeploymentPostprocessing = 0;
		};
/* End PBXResourcesBuildPhase section */

/* Begin PBXSourcesBuildPhase section */
		011DFA161C987CD6000410D7 /* Sources */ = {
			isa = PBXSourcesBuildPhase;
			buildActionMask = 2147483647;
			files = (
				B0D980371CB392D7006D0071 /* StatusModel.m in Sources */,
				011DFA221C987CD6000410D7 /* AppDelegate.m in Sources */,
				011DFA5D1C9880D2000410D7 /* UIImage+ImageEffects.m in Sources */,
				B074CC8A1CBB3A7F00ADECC1 /* LWConstraint.m in Sources */,
				B0D9EB471CB0F436009FDCCF /* UIImage+GIF.m in Sources */,
				01F51A0E1CA1B1CE00463571 /* CoreData.xcdatamodeld in Sources */,
				B0D9EB431CB0F435009FDCCF /* SDWebImageDownloaderOperation.m in Sources */,
				011DFA5C1C9880D2000410D7 /* LWImageItem.m in Sources */,
				B074CC8C1CBB3A7F00ADECC1 /* LWFlag.m in Sources */,
				017F67321C988BB700309E92 /* TableViewCell.m in Sources */,
				B074CC891CBB3A7F00ADECC1 /* LWAsyncDisplayView.m in Sources */,
				B074CC941CBB3A7F00ADECC1 /* LWTextStorage.m in Sources */,
				01AE7F541CA1AEAF00E9F862 /* NSObject+LWAlchemy.m in Sources */,
				01AE7F531CA1AEAF00E9F862 /* LWAlchemyValueTransformer.m in Sources */,
				B074CC871CBB3A7F00ADECC1 /* CALayer+WebCacheOperation.m in Sources */,
				B074CC911CBB3A7F00ADECC1 /* LWStorage+Constraint.m in Sources */,
				017F67381C988C5800309E92 /* TableViewHeader.m in Sources */,
				B0D9EB4C1CB0F436009FDCCF /* UIView+WebCacheOperation.m in Sources */,
				B058DCB11CC1E708007ADADD /* LWImageContainer.m in Sources */,
				B0D9EB3C1CB0F435009FDCCF /* MKAnnotationView+WebCache.m in Sources */,
				B074CC8F1CBB3A7F00ADECC1 /* LWRunLoopTransactions.m in Sources */,
				B0D9EB3D1CB0F435009FDCCF /* NSData+ImageContentType.m in Sources */,
				B0FB54811CBCEC88009478C3 /* NSObject+SwizzleMethod.m in Sources */,
				B074CC921CBB3A7F00ADECC1 /* LWTextAttach.m in Sources */,
				011DFA571C9880D2000410D7 /* LWImageBrowser.m in Sources */,
				B074CC861CBB3A7F00ADECC1 /* CALayer+WebCache.m in Sources */,
				B0D9EB401CB0F435009FDCCF /* SDWebImageCompat.m in Sources */,
				B0D9EB481CB0F436009FDCCF /* UIImage+MultiFormat.m in Sources */,
				B074CC8D1CBB3A7F00ADECC1 /* LWImageStorage.m in Sources */,
				B00257961CB65817008700D5 /* CellLayout.m in Sources */,
				B074CC8E1CBB3A7F00ADECC1 /* LWLayout.m in Sources */,
				B0D9EB491CB0F436009FDCCF /* UIImage+WebP.m in Sources */,
				B0D9EB441CB0F435009FDCCF /* SDWebImageManager.m in Sources */,
				B0D9EB3F1CB0F435009FDCCF /* SDImageCache.m in Sources */,
				01AE7F521CA1AEAF00E9F862 /* LWAlchemyPropertyInfo.m in Sources */,
				B074CC901CBB3A7F00ADECC1 /* LWStorage.m in Sources */,
				B0D9EB451CB0F436009FDCCF /* SDWebImagePrefetcher.m in Sources */,
				011DFA5A1C9880D2000410D7 /* LWImageBrowserFlowLayout.m in Sources */,
				011DFA551C9880D2000410D7 /* LWActionSheetTableViewCell.m in Sources */,
				011DFA1F1C987CD6000410D7 /* main.m in Sources */,
				B074CC881CBB3A7F00ADECC1 /* LWAsyncDisplayLayer.m in Sources */,
				011DFA591C9880D2000410D7 /* LWImageBrowserCell.m in Sources */,
				B0D9EB411CB0F435009FDCCF /* SDWebImageDecoder.m in Sources */,
				B0D9EB4A1CB0F436009FDCCF /* UIImageView+HighlightedWebCache.m in Sources */,
				011DFA561C9880D2000410D7 /* LWActionSheetView.m in Sources */,
				B0D9EB461CB0F436009FDCCF /* UIButton+WebCache.m in Sources */,
				B0D9EB4B1CB0F436009FDCCF /* UIImageView+WebCache.m in Sources */,
				B074CC8B1CBB3A7F00ADECC1 /* LWConstraintManager.m in Sources */,
				B0D9EB421CB0F435009FDCCF /* SDWebImageDownloader.m in Sources */,
				B074CC931CBB3A7F00ADECC1 /* LWTextParser.m in Sources */,
				B0C503EC1CAE4FC300B6D3FB /* LWAlchemyManager.m in Sources */,
				0154CB851C988AE4002CAF12 /* ViewController.m in Sources */,
				B0FB54801CBCEC88009478C3 /* CALayer+GallopAddtions.m in Sources */,
				011DFA581C9880D2000410D7 /* LWImageBrowserButton.m in Sources */,
				011DFA5B1C9880D2000410D7 /* LWImageBrowserModel.m in Sources */,
			);
			runOnlyForDeploymentPostprocessing = 0;
		};
/* End PBXSourcesBuildPhase section */

/* Begin XCBuildConfiguration section */
		011DFA2F1C987CD6000410D7 /* Debug */ = {
			isa = XCBuildConfiguration;
			buildSettings = {
				ALWAYS_SEARCH_USER_PATHS = NO;
				CLANG_CXX_LANGUAGE_STANDARD = "gnu++0x";
				CLANG_CXX_LIBRARY = "libc++";
				CLANG_ENABLE_MODULES = YES;
				CLANG_ENABLE_OBJC_ARC = YES;
				CLANG_WARN_BOOL_CONVERSION = YES;
				CLANG_WARN_CONSTANT_CONVERSION = YES;
				CLANG_WARN_DIRECT_OBJC_ISA_USAGE = YES_ERROR;
				CLANG_WARN_EMPTY_BODY = YES;
				CLANG_WARN_ENUM_CONVERSION = YES;
				CLANG_WARN_INT_CONVERSION = YES;
				CLANG_WARN_OBJC_ROOT_CLASS = YES_ERROR;
				CLANG_WARN_UNREACHABLE_CODE = YES;
				CLANG_WARN__DUPLICATE_METHOD_MATCH = YES;
				"CODE_SIGN_IDENTITY[sdk=iphoneos*]" = "iPhone Developer";
				COPY_PHASE_STRIP = NO;
				DEBUG_INFORMATION_FORMAT = dwarf;
				ENABLE_STRICT_OBJC_MSGSEND = YES;
				ENABLE_TESTABILITY = YES;
				GCC_C_LANGUAGE_STANDARD = gnu99;
				GCC_DYNAMIC_NO_PIC = NO;
				GCC_NO_COMMON_BLOCKS = YES;
				GCC_OPTIMIZATION_LEVEL = 0;
				GCC_PREPROCESSOR_DEFINITIONS = (
					"DEBUG=1",
					"$(inherited)",
				);
				GCC_WARN_64_TO_32_BIT_CONVERSION = YES;
				GCC_WARN_ABOUT_RETURN_TYPE = YES_ERROR;
				GCC_WARN_UNDECLARED_SELECTOR = YES;
				GCC_WARN_UNINITIALIZED_AUTOS = YES_AGGRESSIVE;
				GCC_WARN_UNUSED_FUNCTION = YES;
				GCC_WARN_UNUSED_VARIABLE = YES;
				IPHONEOS_DEPLOYMENT_TARGET = 9.2;
				MTL_ENABLE_DEBUG_INFO = YES;
				ONLY_ACTIVE_ARCH = YES;
				SDKROOT = iphoneos;
			};
			name = Debug;
		};
		011DFA301C987CD6000410D7 /* Release */ = {
			isa = XCBuildConfiguration;
			buildSettings = {
				ALWAYS_SEARCH_USER_PATHS = NO;
				CLANG_CXX_LANGUAGE_STANDARD = "gnu++0x";
				CLANG_CXX_LIBRARY = "libc++";
				CLANG_ENABLE_MODULES = YES;
				CLANG_ENABLE_OBJC_ARC = YES;
				CLANG_WARN_BOOL_CONVERSION = YES;
				CLANG_WARN_CONSTANT_CONVERSION = YES;
				CLANG_WARN_DIRECT_OBJC_ISA_USAGE = YES_ERROR;
				CLANG_WARN_EMPTY_BODY = YES;
				CLANG_WARN_ENUM_CONVERSION = YES;
				CLANG_WARN_INT_CONVERSION = YES;
				CLANG_WARN_OBJC_ROOT_CLASS = YES_ERROR;
				CLANG_WARN_UNREACHABLE_CODE = YES;
				CLANG_WARN__DUPLICATE_METHOD_MATCH = YES;
				"CODE_SIGN_IDENTITY[sdk=iphoneos*]" = "iPhone Developer";
				COPY_PHASE_STRIP = NO;
				DEBUG_INFORMATION_FORMAT = "dwarf-with-dsym";
				ENABLE_NS_ASSERTIONS = NO;
				ENABLE_STRICT_OBJC_MSGSEND = YES;
				GCC_C_LANGUAGE_STANDARD = gnu99;
				GCC_NO_COMMON_BLOCKS = YES;
				GCC_WARN_64_TO_32_BIT_CONVERSION = YES;
				GCC_WARN_ABOUT_RETURN_TYPE = YES_ERROR;
				GCC_WARN_UNDECLARED_SELECTOR = YES;
				GCC_WARN_UNINITIALIZED_AUTOS = YES_AGGRESSIVE;
				GCC_WARN_UNUSED_FUNCTION = YES;
				GCC_WARN_UNUSED_VARIABLE = YES;
				IPHONEOS_DEPLOYMENT_TARGET = 9.2;
				MTL_ENABLE_DEBUG_INFO = NO;
				SDKROOT = iphoneos;
				VALIDATE_PRODUCT = YES;
			};
			name = Release;
		};
		011DFA321C987CD6000410D7 /* Debug */ = {
			isa = XCBuildConfiguration;
			buildSettings = {
				ASSETCATALOG_COMPILER_APPICON_NAME = AppIcon;
				ASSETCATALOG_COMPILER_LAUNCHIMAGE_NAME = LaunchImage;
				CODE_SIGN_IDENTITY = "iPhone Developer";
				"CODE_SIGN_IDENTITY[sdk=iphoneos*]" = "iPhone Developer";
				INFOPLIST_FILE = LWAsyncDisplayViewDemo/Info.plist;
				IPHONEOS_DEPLOYMENT_TARGET = 7.0;
				LD_RUNPATH_SEARCH_PATHS = "$(inherited) @executable_path/Frameworks";
				PRODUCT_BUNDLE_IDENTIFIER = com.WayneInc.Gallop;
				PRODUCT_NAME = "$(TARGET_NAME)";
				PROVISIONING_PROFILE = "";
			};
			name = Debug;
		};
		011DFA331C987CD6000410D7 /* Release */ = {
			isa = XCBuildConfiguration;
			buildSettings = {
				ASSETCATALOG_COMPILER_APPICON_NAME = AppIcon;
				ASSETCATALOG_COMPILER_LAUNCHIMAGE_NAME = LaunchImage;
				CODE_SIGN_IDENTITY = "iPhone Developer";
				"CODE_SIGN_IDENTITY[sdk=iphoneos*]" = "iPhone Developer";
				INFOPLIST_FILE = LWAsyncDisplayViewDemo/Info.plist;
				IPHONEOS_DEPLOYMENT_TARGET = 7.0;
				LD_RUNPATH_SEARCH_PATHS = "$(inherited) @executable_path/Frameworks";
				PRODUCT_BUNDLE_IDENTIFIER = com.WayneInc.Gallop;
				PRODUCT_NAME = "$(TARGET_NAME)";
				PROVISIONING_PROFILE = "";
			};
			name = Release;
		};
/* End XCBuildConfiguration section */

/* Begin XCConfigurationList section */
		011DFA151C987CD6000410D7 /* Build configuration list for PBXProject "LWAsyncDisplayViewDemo" */ = {
			isa = XCConfigurationList;
			buildConfigurations = (
				011DFA2F1C987CD6000410D7 /* Debug */,
				011DFA301C987CD6000410D7 /* Release */,
			);
			defaultConfigurationIsVisible = 0;
			defaultConfigurationName = Release;
		};
		011DFA311C987CD6000410D7 /* Build configuration list for PBXNativeTarget "LWAsyncDisplayViewDemo" */ = {
			isa = XCConfigurationList;
			buildConfigurations = (
				011DFA321C987CD6000410D7 /* Debug */,
				011DFA331C987CD6000410D7 /* Release */,
			);
			defaultConfigurationIsVisible = 0;
			defaultConfigurationName = Release;
		};
/* End XCConfigurationList section */

/* Begin XCVersionGroup section */
		01F51A0C1CA1B1CE00463571 /* CoreData.xcdatamodeld */ = {
			isa = XCVersionGroup;
			children = (
				01F51A0D1CA1B1CE00463571 /* CoreData.xcdatamodel */,
			);
			currentVersion = 01F51A0D1CA1B1CE00463571 /* CoreData.xcdatamodel */;
			path = CoreData.xcdatamodeld;
			sourceTree = "<group>";
			versionGroupType = wrapper.xcdatamodel;
		};
/* End XCVersionGroup section */
	};
	rootObject = 011DFA121C987CD6000410D7 /* Project object */;
}
